{
  "nodes": {
    "home-manager": {
      "inputs": {
        "nixpkgs": [
          "nixpkgs"
        ]
      },
      "locked": {
        "lastModified": 1783963347,
        "narHash": "sha256-r376E2XpakiXwModDHIxlvB6qLq4iFVEq730vxOO4JY=",
        "owner": "nix-community",
        "repo": "home-manager",
        "rev": "a45a7c451455a51ae740ec3bce4024b312809c29",
        "type": "github"
      },
      "original": {
        "owner": "nix-community",
        "repo": "home-manager",
        "type": "github"
      }
    },
    "nixpkgs": {
      "locked": {
        "lastModified": 1783856661,
        "narHash": "sha256-ZGP04e+Q6WyQJGA9ZvI5CL6+heGQldbAG9U1T9NGvmU=",
        "rev": "569d578509928497eddc3fdbf94a799027050be4",
        "revCount": 1009099,
        "type": "tarball",
        "url": "https://api.flakehub.com/f/pinned/NixOS/nixpkgs/0.2605.1009099%2Brev-569d578509928497eddc3fdbf94a799027050be4/019f5cad-5e88-7e03-b203-dd0a214787c3/source.tar.gz"
      },
      "original": {
        "type": "tarball",
        "url": "https://flakehub.com/f/NixOS/nixpkgs/0"
      }
    },
    "nixpkgs_2": {
      "locked": {
        "lastModified": 1770197578,
        "narHash": "sha256-AYqlWrX09+HvGs8zM6ebZ1pwUqjkfpnv8mewYwAo+iM=",
        "owner": "NixOS",
        "repo": "nixpkgs",
        "rev": "00c21e4c93d963c50d4c0c89bfa84ed6e0694df2",
        "type": "github"
      },
      "original": {
        "owner": "NixOS",
        "ref": "nixos-unstable",
        "repo": "nixpkgs",
        "type": "github"
      }
    },
    "root": {
      "inputs": {
        "home-manager": "home-manager",
        "nixpkgs": "nixpkgs",
        "timewall": "timewall"
      }
    },
    "rust-overlay": {
      "inputs": {
        "nixpkgs": [
          "timewall",
          "nixpkgs"
        ]
      },
      "locked": {
        "lastModified": 1770260791,
        "narHash": "sha256-ADTBfENFjRVDQMcCycyX/pAy6NFI/Ct6Mrar3gsmXI0=",
        "owner": "oxalica",
        "repo": "rust-overlay",
        "rev": "42ec85352e419e601775c57256a52f6d48a39906",
        "type": "github"
      },
      "original": {
        "owner": "oxalica",
        "repo": "rust-overlay",
        "type": "github"
      }
    },
    "timewall": {
      "inputs": {
        "nixpkgs": "nixpkgs_2",
        "rust-overlay": "rust-overlay"
      },
      "locked": {
        "lastModified": 1782975787,
        "narHash": "sha256-tzNsISg//0q202Ab1ce02d487Uyb7T2IG/k0g0KYPdo=",
        "owner": "bcyran",
        "repo": "timewall",
        "rev": "6e0b28ff3b9b5cd87281fa65346f341e8b15b4e9",
        "type": "github"
      },
      "original": {
        "owner": "bcyran",
        "repo": "timewall",
        "type": "github"
      }
    }
  },
  "root": "root",
  "version": 7
}
